{
  "name": "@openworkflow/example-memory-sse",
  "lockfileVersion": 3,
  "requires": true,
  "packages": {
    "": {
      "name": "@openworkflow/example-memory-sse",
      "dependencies": {
        "@openworkflow/backend-memory": "file:../../packages/backend-memory",
        "openworkflow": "file:../../packages/openworkflow"
      }
    },
    "../../packages/backend-memory": {
      "name": "@openworkflow/backend-memory",
      "version": "0.3.0",
      "license": "Apache-2.0",
      "devDependencies": {
        "openworkflow": "file:../openworkflow"
      },
      "engines": {
        "node": ">=20"
      },
      "peerDependencies": {
        "openworkflow": "^0.3.0"
      }
    },
    "../../packages/openworkflow": {
      "version": "0.3.0",
      "license": "Apache-2.0",
      "engines": {
        "node": ">=20"
      }
    },
    "node_modules/@openworkflow/backend-memory": {
      "resolved": "../../packages/backend-memory",
      "link": true
    },
    "node_modules/openworkflow": {
      "resolved": "../../packages/openworkflow",
      "link": true
    }
  }
}
